# THIS IS AN AUTOGENERATED FILE. DO NOT EDIT THIS FILE DIRECTLY.
# yarn lockfile v1


"@pixi/accessibility@^5.2.0":
  version "5.2.0"
  resolved "https://registry.yarnpkg.com/@pixi/accessibility/-/accessibility-5.2.0.tgz#e59a876e1ceaf149811fe225e171f16cc2ccbef6"
  integrity sha512-IXnCy9YmzXl9/rMiXOzgFpP7onW0YNSnVQtFotonCEPd2azM/1p3Fy7wRTcpfOJm/JsMZRbnDeE/wB9Shg9/QQ==
  dependencies:
    "@pixi/core" "^5.2.0"
    "@pixi/display" "^5.2.0"
    "@pixi/utils" "^5.2.0"

"@pixi/app@^5.2.0":
  version "5.2.0"
  resolved "https://registry.yarnpkg.com/@pixi/app/-/app-5.2.0.tgz#dd216fd3cfc2e290fbf62200639bc8ee3738ba3e"
  integrity sha512-5rhjAGPruzC3w6+knySIWk4II1Td8Fw0LVfg1K48BRXI1mLXCrZ3tJb6hdFuBPhgeIDz1tUwecJ4KfkJOWgqPg==
  dependencies:
    "@pixi/core" "^5.2.0"
    "@pixi/display" "^5.2.0"

"@pixi/constants@^5.2.0":
  version "5.2.0"
  resolved "https://registry.yarnpkg.com/@pixi/constants/-/constants-5.2.0.tgz#2ddf7aa62d01412136f973dc9f316d0aabd845ba"
  integrity sha512-dXwzkKAvgpvOJmDBe9OQiE+HPp4uMIL/3ijHlyW0fgMqDPhtQtFcSUdSUAoFwb23Uaq56j1ejuEmly8LehJ0aQ==

"@pixi/core@^5.2.0":
  version "5.2.0"
  resolved "https://registry.yarnpkg.com/@pixi/core/-/core-5.2.0.tgz#5c89e52f96ebf95bf3408dd783d796972d7ccd58"
  integrity sha512-h8UuVWHfbWVGEO3a4SQS4vk70LSFMUMPKCvVpPq/3LtIUgPVDZO3tGL4O2jFteKwbmWNIMDCpDmBMu3XlqPlNQ==
  dependencies:
    "@pixi/constants" "^5.2.0"
    "@pixi/display" "^5.2.0"
    "@pixi/math" "^5.2.0"
    "@pixi/runner" "^5.2.0"
    "@pixi/settings" "^5.2.0"
    "@pixi/ticker" "^5.2.0"
    "@pixi/utils" "^5.2.0"

"@pixi/display@^5.2.0":
  version "5.2.0"
  resolved "https://registry.yarnpkg.com/@pixi/display/-/display-5.2.0.tgz#f6ca47c10db1379b62091e664b7a3a70c095e814"
  integrity sha512-P+exW4aI7eyqhdmi0M3HmKJI+XzDYNYAiEsKMUyyONwbHYSVdjQF5hzPuvjUYotTNZ1stCWbf0457cNNSPLOzQ==
  dependencies:
    "@pixi/math" "^5.2.0"
    "@pixi/settings" "^5.2.0"
    "@pixi/utils" "^5.2.0"

"@pixi/extract@^5.2.0":
  version "5.2.0"
  resolved "https://registry.yarnpkg.com/@pixi/extract/-/extract-5.2.0.tgz#ba44745380f40b104543871de4db09b6d2d09f7a"
  integrity sha512-LUDsB6z+gkSYcS8urr/JjdpLlf/z3mAjpMJDOZlcxCdPXdayVka2ruNnrWb4dvf9nV9Wg7T8v1IOFGOWpOHEdQ==
  dependencies:
    "@pixi/core" "^5.2.0"
    "@pixi/math" "^5.2.0"
    "@pixi/utils" "^5.2.0"

"@pixi/filter-alpha@^5.2.0":
  version "5.2.0"
  resolved "https://registry.yarnpkg.com/@pixi/filter-alpha/-/filter-alpha-5.2.0.tgz#a0b028655ee95a9d76963a85d7e78c6742113b3c"
  integrity sha512-Jv/eqSt6zmKr9oGoi4UgUWA/pgxhyBSGMtUWMHiwuqjkXWl4Em4bC5l0f5GUX85xqMCRLwvOeqOH+fBE9fKadw==
  dependencies:
    "@pixi/core" "^5.2.0"

"@pixi/filter-blur@^5.2.0":
  version "5.2.0"
  resolved "https://registry.yarnpkg.com/@pixi/filter-blur/-/filter-blur-5.2.0.tgz#a926b9e16abfab51dfb1bef2483ffb24cf02727d"
  integrity sha512-052qyY+X3HMEvHdorqXIbe+iODK0Sj3j8goZMvOL2qATW6bDBGRuwrO2rGZ70BnmGgrbIrXzDVemwo9uLWEZSA==
  dependencies:
    "@pixi/core" "^5.2.0"
    "@pixi/settings" "^5.2.0"

"@pixi/filter-color-matrix@^5.2.0":
  version "5.2.0"
  resolved "https://registry.yarnpkg.com/@pixi/filter-color-matrix/-/filter-color-matrix-5.2.0.tgz#ae4685c1778388ea7aed23417180846a08653dfb"
  integrity sha512-wtPzz+2NtP9zDW9cFn/lTryf97/DYwka4yi9A+sMCteoATsrZJCKz0zzPV5AORKv0hpCfu9wGYTISItOC8mBKw==
  dependencies:
    "@pixi/core" "^5.2.0"

"@pixi/filter-displacement@^5.2.0":
  version "5.2.0"
  resolved "https://registry.yarnpkg.com/@pixi/filter-displacement/-/filter-displacement-5.2.0.tgz#c2420393ac8ae9dd91ea6fb7426f48b5f201c224"
  integrity sha512-489KUlNF4ZmHZPNmI2X77cE95sfbvvw5NASeNXKmbCn5xi2gPSxiPMTv4XUTdhdOKxNcy81NFEQicG21eW335Q==
  dependencies:
    "@pixi/core" "^5.2.0"
    "@pixi/math" "^5.2.0"

"@pixi/filter-fxaa@^5.2.0":
  version "5.2.0"
  resolved "https://registry.yarnpkg.com/@pixi/filter-fxaa/-/filter-fxaa-5.2.0.tgz#57d8579cd806831763790179315ee37e69f6e2e6"
  integrity sha512-rlhC65BALzQAVBEXYzr8bKqyhZIWLco+VWJ7Fs8D3bJCutyu6xX6d7XDAqQW5SmJCNrIdaKvl/B6Xzer/+z8DA==
  dependencies:
    "@pixi/core" "^5.2.0"

"@pixi/filter-noise@^5.2.0":
  version "5.2.0"
  resolved "https://registry.yarnpkg.com/@pixi/filter-noise/-/filter-noise-5.2.0.tgz#6164828292a80a3ffc878507fcfa4f6fc8bf7fa1"
  integrity sha512-7IBHqjuze5VEMYOKPz/O7wR3mks7xvYKvWmUaLV7FopUtDUFjklrVBWY39nBOsXKXm0qLOkkdKcwsqyXZ7xOFg==
  dependencies:
    "@pixi/core" "^5.2.0"

"@pixi/graphics@^5.2.0":
  version "5.2.0"
  resolved "https://registry.yarnpkg.com/@pixi/graphics/-/graphics-5.2.0.tgz#d1a976f0257d53dd6adf5617f38a45268f0d0b96"
  integrity sha512-sXmN8CEjzd56wVh18AOv1cxsB70tP1FWIukTPg8EaSlhiFqiclQDGkf6mKDajuVrj7JhBjvFenKmv3ADYnLkqA==
  dependencies:
    "@pixi/constants" "^5.2.0"
    "@pixi/core" "^5.2.0"
    "@pixi/display" "^5.2.0"
    "@pixi/math" "^5.2.0"
    "@pixi/sprite" "^5.2.0"
    "@pixi/utils" "^5.2.0"

"@pixi/interaction@^5.2.0":
  version "5.2.0"
  resolved "https://registry.yarnpkg.com/@pixi/interaction/-/interaction-5.2.0.tgz#c2598c86cfde8d68ee141fce861ee35e3a5950c0"
  integrity sha512-YoFGrwkKgNFsusXObcfgKJtLxjqeOaek3tZxssnZZOUSzIJGQ4mLur2I36C2AAufB+GxBL38TiP1nkAVurMC6A==
  dependencies:
    "@pixi/core" "^5.2.0"
    "@pixi/display" "^5.2.0"
    "@pixi/math" "^5.2.0"
    "@pixi/ticker" "^5.2.0"
    "@pixi/utils" "^5.2.0"

"@pixi/loaders@^5.2.0":
  version "5.2.0"
  resolved "https://registry.yarnpkg.com/@pixi/loaders/-/loaders-5.2.0.tgz#803a72395516428d38d131d1aac5b0008cf3148c"
  integrity sha512-lKd5RYGQ86NoQNFcu/IYLEkC/oa6XypDKewG9LDd7n9XKKeed0NRipg7HhcYVsliayYkszoQ/JdzidV/yxnHYw==
  dependencies:
    "@pixi/core" "^5.2.0"
    "@pixi/utils" "^5.2.0"
    resource-loader "^3.0.1"

"@pixi/math@^5.2.0":
  version "5.2.0"
  resolved "https://registry.yarnpkg.com/@pixi/math/-/math-5.2.0.tgz#4c853b8621a31791be6ade9cdfcd4168c69b8079"
  integrity sha512-Y21H/kMluJqZ/QWb8cdXuZlib6G26QfZtgc85KbSJmjpMVWw03g0OELqFqOhsMzNanXp3B4OL1ZsNXnp0lWROQ==

"@pixi/mesh-extras@^5.2.0":
  version "5.2.0"
  resolved "https://registry.yarnpkg.com/@pixi/mesh-extras/-/mesh-extras-5.2.0.tgz#3c595ae56c33716a13c8c3a2b95794a70591dd98"
  integrity sha512-vmBcV3sRqHWZIfwd8GQEscqR8zzsgCLXdgE/tWOCGqgGbv0+mv25y/vRnRnL42YXZb/sPU1RrtgnDr7xHNVL2w==
  dependencies:
    "@pixi/constants" "^5.2.0"
    "@pixi/core" "^5.2.0"
    "@pixi/math" "^5.2.0"
    "@pixi/mesh" "^5.2.0"
    "@pixi/utils" "^5.2.0"

"@pixi/mesh@^5.2.0":
  version "5.2.0"
  resolved "https://registry.yarnpkg.com/@pixi/mesh/-/mesh-5.2.0.tgz#6e5f085e9959337b267b4712e54d860ece28b482"
  integrity sha512-GTgxMlK3T2aWNk2CpWw6+zDXzOxDN15v4noVM6hqm691GQn6HXD68J14BHJhZxuP3PU9VD7/FARooMtAwaxVvg==
  dependencies:
    "@pixi/constants" "^5.2.0"
    "@pixi/core" "^5.2.0"
    "@pixi/display" "^5.2.0"
    "@pixi/math" "^5.2.0"
    "@pixi/settings" "^5.2.0"
    "@pixi/utils" "^5.2.0"

"@pixi/mixin-cache-as-bitmap@^5.2.0":
  version "5.2.0"
  resolved "https://registry.yarnpkg.com/@pixi/mixin-cache-as-bitmap/-/mixin-cache-as-bitmap-5.2.0.tgz#349cf4436d2d2bea25cf45b4e0f45d5339e191a7"
  integrity sha512-VaFxBiPFu5Ii3T/vwe+QozvQk/OMLApe0eTSXCzAZspijVCGVmnalTqDgY9GC6SvuLG967jRTdEwCAsc+w2uXA==
  dependencies:
    "@pixi/core" "^5.2.0"
    "@pixi/display" "^5.2.0"
    "@pixi/math" "^5.2.0"
    "@pixi/settings" "^5.2.0"
    "@pixi/sprite" "^5.2.0"
    "@pixi/utils" "^5.2.0"

"@pixi/mixin-get-child-by-name@^5.2.0":
  version "5.2.0"
  resolved "https://registry.yarnpkg.com/@pixi/mixin-get-child-by-name/-/mixin-get-child-by-name-5.2.0.tgz#857903c42e36aab01e80d0ae5cb9e8877bee3212"
  integrity sha512-exL50cOrjOmJ02++Q56AamYkVKt7RqwdM0QQdfmJKRX9r8cG9u09IKW2/hWKGbyqNoP5gGORtZvXRCJG8JYH/A==
  dependencies:
    "@pixi/display" "^5.2.0"

"@pixi/mixin-get-global-position@^5.2.0":
  version "5.2.0"
  resolved "https://registry.yarnpkg.com/@pixi/mixin-get-global-position/-/mixin-get-global-position-5.2.0.tgz#42adc4a0ba9c02186d3ab5964744bdd316cea2a6"
  integrity sha512-9P2EeymV23OonCVOdgYu0ZFlUZoCXh0wK/6wf6wb0N4Nefcz0mPfafHV5gp/qwCgB9OJk4RLKna1BDfxXn4LCA==
  dependencies:
    "@pixi/display" "^5.2.0"
    "@pixi/math" "^5.2.0"

"@pixi/particles@^5.2.0":
  version "5.2.0"
  resolved "https://registry.yarnpkg.com/@pixi/particles/-/particles-5.2.0.tgz#c9671886bc91acdd318b56cc09cdf2f7981a1ca1"
  integrity sha512-uB86M9hpiamclCOLMk6go0WJGXoiNfNzIIiC5OmUt61Fk3TSZiXbF//xWt/NB/unm3+WhycudSfR1IhLL1OdSw==
  dependencies:
    "@pixi/constants" "^5.2.0"
    "@pixi/core" "^5.2.0"
    "@pixi/display" "^5.2.0"
    "@pixi/math" "^5.2.0"
    "@pixi/utils" "^5.2.0"

"@pixi/polyfill@^5.2.0":
  version "5.2.0"
  resolved "https://registry.yarnpkg.com/@pixi/polyfill/-/polyfill-5.2.0.tgz#69476c8b3432ee661dacff1a73d0887de0d8ef3e"
  integrity sha512-xvwJ0vRVwf6fByvGTRzOsAv0N5GmopVI+pT5MV8Rk4AoqGQ8vWkhQQ8jy7PS4g0ak2DpwVrcTwUjxfrmjJCYTw==
  dependencies:
    es6-promise-polyfill "^1.2.0"
    object-assign "^4.1.1"

"@pixi/prepare@^5.2.0":
  version "5.2.0"
  resolved "https://registry.yarnpkg.com/@pixi/prepare/-/prepare-5.2.0.tgz#c62411f986b61e055f9906a784315fa9114e835a"
  integrity sha512-WE/VUIJXFrYMXFmWom4BZYB78IHQNeRZfN1SDN4X11cOciFH8uDafDpkMsjND95HZAqw+yQPU2pKResQnWEtag==
  dependencies:
    "@pixi/core" "^5.2.0"
    "@pixi/display" "^5.2.0"
    "@pixi/graphics" "^5.2.0"
    "@pixi/settings" "^5.2.0"
    "@pixi/text" "^5.2.0"
    "@pixi/ticker" "^5.2.0"

"@pixi/runner@^5.2.0":
  version "5.2.0"
  resolved "https://registry.yarnpkg.com/@pixi/runner/-/runner-5.2.0.tgz#b93688e2ed22f59b1c779be450730f383cae5691"
  integrity sha512-vy/SGG8QFHMrWAqebMQdhxl/l6WlIbHXMDNDCYBWwXKYjmKzycrrj2o/mK9cBko8WDuoTRZ0Pe3JZ3XDYEsn9w==

"@pixi/settings@^5.2.0":
  version "5.2.0"
  resolved "https://registry.yarnpkg.com/@pixi/settings/-/settings-5.2.0.tgz#34e2a9ad25b34be75226846417c806a40d6c6615"
  integrity sha512-AIxcUbgM3mh2QxS+nxNcPsqnJEBg3x/UO9ZpNMRhed9UPM/5mQ8CGZUMLTzIxhjSS16Do4uK9vZikMjV8dXm/Q==
  dependencies:
    ismobilejs "^0.5.1"

"@pixi/sprite-animated@^5.2.0":
  version "5.2.0"
  resolved "https://registry.yarnpkg.com/@pixi/sprite-animated/-/sprite-animated-5.2.0.tgz#e13a1fa112e07f2422cb510c359bb6e5d2ba8f6b"
  integrity sha512-Liy5s3CKh2MuSJeVYX7w8mJ0//WMUPm/4ZHRJqRJApijjlXSxcnhHNxIMRLDb8iJNmqaoOi9qMUgK0AkGWuAtA==
  dependencies:
    "@pixi/core" "^5.2.0"
    "@pixi/sprite" "^5.2.0"
    "@pixi/ticker" "^5.2.0"

"@pixi/sprite-tiling@^5.2.0":
  version "5.2.0"
  resolved "https://registry.yarnpkg.com/@pixi/sprite-tiling/-/sprite-tiling-5.2.0.tgz#194b4be9c7a3a99f4723d4614948efdfe970dab4"
  integrity sha512-iLQ98PrUVKqVzTYJsu+ZMCIRsJ1wapg55tf+m/78KK+h0WmgY70CJbO/A68dTqYZMLR39XPCtUp9bXXzXNEEdQ==
  dependencies:
    "@pixi/constants" "^5.2.0"
    "@pixi/core" "^5.2.0"
    "@pixi/display" "^5.2.0"
    "@pixi/math" "^5.2.0"
    "@pixi/sprite" "^5.2.0"
    "@pixi/utils" "^5.2.0"

"@pixi/sprite@^5.2.0":
  version "5.2.0"
  resolved "https://registry.yarnpkg.com/@pixi/sprite/-/sprite-5.2.0.tgz#7829a43c801e49a616c20f68179df4336643a304"
  integrity sha512-IW+S2Cs3MTcMSrsSA5fjk+xx3Q8eNrsT4hGVXy6JxViv3IknIqbyQwdSFGAyoowOwzhyg7xJExz7VDZRQBBLwg==
  dependencies:
    "@pixi/constants" "^5.2.0"
    "@pixi/core" "^5.2.0"
    "@pixi/display" "^5.2.0"
    "@pixi/math" "^5.2.0"
    "@pixi/settings" "^5.2.0"
    "@pixi/utils" "^5.2.0"

"@pixi/spritesheet@^5.2.0":
  version "5.2.0"
  resolved "https://registry.yarnpkg.com/@pixi/spritesheet/-/spritesheet-5.2.0.tgz#bf4c2e85b53fd3a4c8deb6b0f6022300d5cba4f0"
  integrity sha512-48WNC3tSUXbWA7ZswEacSiVh396FLe3KLhFpWk2oIJ+7MtMQ1IdtkGjAaXgv0zx0EvvnvEt1VoQVo2eALswR5Q==
  dependencies:
    "@pixi/core" "^5.2.0"
    "@pixi/loaders" "^5.2.0"
    "@pixi/math" "^5.2.0"
    "@pixi/utils" "^5.2.0"

"@pixi/text-bitmap@^5.2.0":
  version "5.2.0"
  resolved "https://registry.yarnpkg.com/@pixi/text-bitmap/-/text-bitmap-5.2.0.tgz#a787908ceb8639070b9377704bc3317a11bcf187"
  integrity sha512-RZD7GpQrKD+1B2wehnX0dI7ABB43JWNWoWXHl5wKfhjmPCxVmKEB9UfvOZd3sbnlxeL7BUA/gpYSxD6b6ZiA8g==
  dependencies:
    "@pixi/core" "^5.2.0"
    "@pixi/display" "^5.2.0"
    "@pixi/loaders" "^5.2.0"
    "@pixi/math" "^5.2.0"
    "@pixi/settings" "^5.2.0"
    "@pixi/sprite" "^5.2.0"
    "@pixi/utils" "^5.2.0"

"@pixi/text@^5.2.0":
  version "5.2.0"
  resolved "https://registry.yarnpkg.com/@pixi/text/-/text-5.2.0.tgz#9b8db4532d353be617f7c60b461214ba1aaf9979"
  integrity sha512-enEq/rJYXVobyGeTXCBTbRMlnKc7am+/WicymRt1bT7ia8L8A00xgOdEbfg6OeP2jLcyBVnopFhgHFe8jcp07Q==
  dependencies:
    "@pixi/core" "^5.2.0"
    "@pixi/math" "^5.2.0"
    "@pixi/settings" "^5.2.0"
    "@pixi/sprite" "^5.2.0"
    "@pixi/utils" "^5.2.0"

"@pixi/ticker@^5.2.0":
  version "5.2.0"
  resolved "https://registry.yarnpkg.com/@pixi/ticker/-/ticker-5.2.0.tgz#6e0dae872d0c7dc5458067c10fd6743b0ce15960"
  integrity sha512-6xX786cX/RWmQKeRQ3bNvg8JjS0VLA2LQy1sOmUctx2AwdZysI04k2xdw9Krtpn1mkudgAcNrTEsgPeGEjIF9Q==
  dependencies:
    "@pixi/settings" "^5.2.0"

"@pixi/utils@^5.2.0":
  version "5.2.0"
  resolved "https://registry.yarnpkg.com/@pixi/utils/-/utils-5.2.0.tgz#11a8f00c6e52292cad7bd37110a4a2ec2571ea6c"
  integrity sha512-oMLRlvx+vWHPR06uiOvfOhtkG/LDBR3Syea9QZoIbCJE/GLYgJX8f0cVfrdI0kCgfGj4luc8/CWI745MKafUqQ==
  dependencies:
    "@pixi/constants" "^5.2.0"
    "@pixi/settings" "^5.2.0"
    earcut "^2.1.5"
    eventemitter3 "^3.1.0"
    url "^0.11.0"

"@vue/component-compiler-utils@^3.0.2":
  version "3.0.2"
  resolved "https://registry.yarnpkg.com/@vue/component-compiler-utils/-/component-compiler-utils-3.0.2.tgz#7daf8aaf0d5faa66e7c8a1f6fea315630e45fbc9"
  integrity sha512-BSnY2PmW4QwU1AOcGSNYAmEPLjdQ9itl1YpLCWtpwMA5Jy/aqWNuzZ9+ZZ8h6yZJ53W95tVkEP6yrXJ/zUHdEA==
  dependencies:
    consolidate "^0.15.1"
    hash-sum "^1.0.2"
    lru-cache "^4.1.2"
    merge-source-map "^1.1.0"
    postcss "^7.0.14"
    postcss-selector-parser "^5.0.0"
    prettier "^1.18.2"
    source-map "~0.6.1"
    vue-template-es2015-compiler "^1.9.0"

ajv@^6.5.5:
  version "6.10.2"
  resolved "https://registry.yarnpkg.com/ajv/-/ajv-6.10.2.tgz#d3cea04d6b017b2894ad69040fec8b623eb4bd52"
  integrity sha512-TXtUUEYHuaTEbLZWIKUr5pmBuhDLy+8KYtPYdcV8qC+pOZL+NKqYwvWSRrVXHn+ZmRRAu8vJTAznH7Oag6RVRw==
  dependencies:
    fast-deep-equal "^2.0.1"
    fast-json-stable-stringify "^2.0.0"
    json-schema-traverse "^0.4.1"
    uri-js "^4.2.2"

ansi-styles@^3.2.1:
  version "3.2.1"
  resolved "https://registry.yarnpkg.com/ansi-styles/-/ansi-styles-3.2.1.tgz#41fbb20243e50b12be0f04b8dedbf07520ce841d"
  integrity sha512-VT0ZI6kZRdTh8YyJw3SMbYm/u+NqfsAxEpWO0Pf9sq8/e94WxxOpPKx9FR1FlyCtOVDNOQ+8ntlqFxiRc+r5qA==
  dependencies:
    color-convert "^1.9.0"

array-differ@^1.0.0:
  version "1.0.0"
  resolved "https://registry.yarnpkg.com/array-differ/-/array-differ-1.0.0.tgz#eff52e3758249d33be402b8bb8e564bb2b5d4031"
  integrity sha1-7/UuN1gknTO+QCuLuOVkuytdQDE=

array-union@^1.0.1:
  version "1.0.2"
  resolved "https://registry.yarnpkg.com/array-union/-/array-union-1.0.2.tgz#9a34410e4f4e3da23dea375be5be70f24778ec39"
  integrity sha1-mjRBDk9OPaI96jdb5b5w8kd47Dk=
  dependencies:
    array-uniq "^1.0.1"

array-uniq@^1.0.1:
  version "1.0.3"
  resolved "https://registry.yarnpkg.com/array-uniq/-/array-uniq-1.0.3.tgz#af6ac877a25cc7f74e058894753858dfdb24fdb6"
  integrity sha1-r2rId6Jcx/dOBYiUdThY39sk/bY=

arrify@^1.0.0:
  version "1.0.1"
  resolved "https://registry.yarnpkg.com/arrify/-/arrify-1.0.1.tgz#898508da2226f380df904728456849c1501a4b0d"
  integrity sha1-iYUI2iIm84DfkEcoRWhJwVAaSw0=

asap@~2.0.3:
  version "2.0.6"
  resolved "https://registry.yarnpkg.com/asap/-/asap-2.0.6.tgz#e50347611d7e690943208bbdafebcbc2fb866d46"
  integrity sha1-5QNHYR1+aQlDIIu9r+vLwvuGbUY=

asn1@~0.2.3:
  version "0.2.4"
  resolved "https://registry.yarnpkg.com/asn1/-/asn1-0.2.4.tgz#8d2475dfab553bb33e77b54e59e880bb8ce23136"
  integrity sha512-jxwzQpLQjSmWXgwaCZE9Nz+glAG01yF1QnWgbhGwHI5A6FRIEY6IVqtHhIepHqI7/kyEyQEagBC5mBEFlIYvdg==
  dependencies:
    safer-buffer "~2.1.0"

assert-plus@1.0.0, assert-plus@^1.0.0:
  version "1.0.0"
  resolved "https://registry.yarnpkg.com/assert-plus/-/assert-plus-1.0.0.tgz#f12e0f3c5d77b0b1cdd9146942e4e96c1e4dd525"
  integrity sha1-8S4PPF13sLHN2RRpQuTpbB5N1SU=

asynckit@^0.4.0:
  version "0.4.0"
  resolved "https://registry.yarnpkg.com/asynckit/-/asynckit-0.4.0.tgz#c79ed97f7f34cb8f2ba1bc9790bcc366474b4b79"
  integrity sha1-x57Zf380y48robyXkLzDZkdLS3k=

aws-sign2@~0.7.0:
  version "0.7.0"
  resolved "https://registry.yarnpkg.com/aws-sign2/-/aws-sign2-0.7.0.tgz#b46e890934a9591f2d2f6f86d7e6a9f1b3fe76a8"
  integrity sha1-tG6JCTSpWR8tL2+G1+ap8bP+dqg=

aws4@^1.8.0:
  version "1.9.0"
  resolved "https://registry.yarnpkg.com/aws4/-/aws4-1.9.0.tgz#24390e6ad61386b0a747265754d2a17219de862c"
  integrity sha512-Uvq6hVe90D0B2WEnUqtdgY1bATGz3mw33nH9Y+dmA+w5DHvUmBgkr5rM/KCHpCsiFNRUfokW/szpPPgMK2hm4A==

balanced-match@^1.0.0:
  version "1.0.0"
  resolved "https://registry.yarnpkg.com/balanced-match/-/balanced-match-1.0.0.tgz#89b4d199ab2bee49de164ea02b89ce462d71b767"
  integrity sha1-ibTRmasr7kneFk6gK4nORi1xt2c=

bcrypt-pbkdf@^1.0.0:
  version "1.0.2"
  resolved "https://registry.yarnpkg.com/bcrypt-pbkdf/-/bcrypt-pbkdf-1.0.2.tgz#a4301d389b6a43f9b67ff3ca11a3f6637e360e9e"
  integrity sha1-pDAdOJtqQ/m2f/PKEaP2Y342Dp4=
  dependencies:
    tweetnacl "^0.14.3"

bluebird@^3.1.1:
  version "3.7.2"
  resolved "https://registry.yarnpkg.com/bluebird/-/bluebird-3.7.2.tgz#9f229c15be272454ffa973ace0dbee79a1b0c36f"
  integrity sha512-XpNj6GDQzdfW+r2Wnn7xiSAd7TM3jzkxGXBGTtWKuSXv1xUV+azxAm8jdWZN06QTQk+2N2XB9jRDkvbmQmcRtg==

brace-expansion@^1.1.7:
  version "1.1.11"
  resolved "https://registry.yarnpkg.com/brace-expansion/-/brace-expansion-1.1.11.tgz#3c7fcbf529d87226f3d2f52b966ff5271eb441dd"
  integrity sha512-iCuPHDFgrHX7H2vEI/5xpz07zSHB00TpugqhmYtVmMO6518mCuRMoOYFldEBl0g187ufozdaHgWKcYFb61qGiA==
  dependencies:
    balanced-match "^1.0.0"
    concat-map "0.0.1"

caseless@~0.12.0:
  version "0.12.0"
  resolved "https://registry.yarnpkg.com/caseless/-/caseless-0.12.0.tgz#1b681c21ff84033c826543090689420d187151dc"
  integrity sha1-G2gcIf+EAzyCZUMJBolCDRhxUdw=

chalk@^2.4.2:
  version "2.4.2"
  resolved "https://registry.yarnpkg.com/chalk/-/chalk-2.4.2.tgz#cd42541677a54333cf541a49108c1432b44c9424"
  integrity sha512-Mti+f9lpJNcwF4tWV8/OrTTtF1gZi+f8FqlyAdouralcFWFQWF2+NgCHShjkCb+IFBLq9buZwE1xckQU4peSuQ==
  dependencies:
    ansi-styles "^3.2.1"
    escape-string-regexp "^1.0.5"
    supports-color "^5.3.0"

clone@^2.1.2:
  version "2.1.2"
  resolved "https://registry.yarnpkg.com/clone/-/clone-2.1.2.tgz#1b7f4b9f591f1e8f83670401600345a02887435f"
  integrity sha1-G39Ln1kfHo+DZwQBYANFoCiHQ18=

color-convert@^1.9.0:
  version "1.9.3"
  resolved "https://registry.yarnpkg.com/color-convert/-/color-convert-1.9.3.tgz#bb71850690e1f136567de629d2d5471deda4c1e8"
  integrity sha512-QfAUtd+vFdAtFQcC8CCyYt1fYWxSqAiK2cSD6zDB8N3cpsEBAvRxp9zOGg6G/SHHJYAT88/az/IuDGALsNVbGg==
  dependencies:
    color-name "1.1.3"

color-name@1.1.3:
  version "1.1.3"
  resolved "https://registry.yarnpkg.com/color-name/-/color-name-1.1.3.tgz#a7d0558bd89c42f795dd42328f740831ca53bc25"
  integrity sha1-p9BVi9icQveV3UIyj3QIMcpTvCU=

combined-stream@^1.0.6, combined-stream@~1.0.6:
  version "1.0.8"
  resolved "https://registry.yarnpkg.com/combined-stream/-/combined-stream-1.0.8.tgz#c3d45a8b34fd730631a110a8a2520682b31d5a7f"
  integrity sha512-FQN4MRfuJeHf7cBbBMJFXhKSDq+2kAArBlmRBvcvFE5BB1HZKXtSFASDhdlz9zOYwxh8lDdnvmMOe/+5cdoEdg==
  dependencies:
    delayed-stream "~1.0.0"

concat-map@0.0.1:
  version "0.0.1"
  resolved "https://registry.yarnpkg.com/concat-map/-/concat-map-0.0.1.tgz#d8a96bd77fd68df7793a73036a3ba0d5405d477b"
  integrity sha1-2Klr13/Wjfd5OnMDajug1UBdR3s=

consolidate@^0.15.1:
  version "0.15.1"
  resolved "https://registry.yarnpkg.com/consolidate/-/consolidate-0.15.1.tgz#21ab043235c71a07d45d9aad98593b0dba56bab7"
  integrity sha512-DW46nrsMJgy9kqAbPt5rKaCr7uFtpo4mSUvLHIUbJEjm0vo+aY5QLwBUq3FK4tRnJr/X0Psc0C4jf/h+HtXSMw==
  dependencies:
    bluebird "^3.1.1"

core-util-is@1.0.2:
  version "1.0.2"
  resolved "https://registry.yarnpkg.com/core-util-is/-/core-util-is-1.0.2.tgz#b5fd54220aa2bc5ab57aab7140c940754503c1a7"
  integrity sha1-tf1UIgqivFq1eqtxQMlAdUUDwac=

cssesc@^2.0.0:
  version "2.0.0"
  resolved "https://registry.yarnpkg.com/cssesc/-/cssesc-2.0.0.tgz#3b13bd1bb1cb36e1bcb5a4dcd27f54c5dcb35703"
  integrity sha512-MsCAG1z9lPdoO/IUMLSBWBSVxVtJ1395VGIQ+Fc2gNdkQ1hNDnQdw3YhA71WJCBW1vdwA0cAnk/DnW6bqoEUYg==

dashdash@^1.12.0:
  version "1.14.1"
  resolved "https://registry.yarnpkg.com/dashdash/-/dashdash-1.14.1.tgz#853cfa0f7cbe2fed5de20326b8dd581035f6e2f0"
  integrity sha1-hTz6D3y+L+1d4gMmuN1YEDX24vA=
  dependencies:
    assert-plus "^1.0.0"

de-indent@^1.0.2:
  version "1.0.2"
  resolved "https://registry.yarnpkg.com/de-indent/-/de-indent-1.0.2.tgz#b2038e846dc33baa5796128d0804b455b8c1e21d"
  integrity sha1-sgOOhG3DO6pXlhKNCAS0VbjB4h0=

del@^2.2.0:
  version "2.2.2"
  resolved "https://registry.yarnpkg.com/del/-/del-2.2.2.tgz#c12c981d067846c84bcaf862cff930d907ffd1a8"
  integrity sha1-wSyYHQZ4RshLyvhiz/kw2Qf/0ag=
  dependencies:
    globby "^5.0.0"
    is-path-cwd "^1.0.0"
    is-path-in-cwd "^1.0.0"
    object-assign "^4.0.1"
    pify "^2.0.0"
    pinkie-promise "^2.0.0"
    rimraf "^2.2.8"

delayed-stream@~1.0.0:
  version "1.0.0"
  resolved "https://registry.yarnpkg.com/delayed-stream/-/delayed-stream-1.0.0.tgz#df3ae199acadfb7d440aaae0b29e2272b24ec619"
  integrity sha1-3zrhmayt+31ECqrgsp4icrJOxhk=

earcut@^2.1.5:
  version "2.2.1"
  resolved "https://registry.yarnpkg.com/earcut/-/earcut-2.2.1.tgz#3bae0b1b6fec41853b56b126f03a42a34b28f1d5"
  integrity sha512-5jIMi2RB3HtGPHcYd9Yyl0cczo84y+48lgKPxMijliNQaKAHEZJbdzLmKmdxG/mCdS/YD9DQ1gihL8mxzR0F9w==

ecc-jsbn@~0.1.1:
  version "0.1.2"
  resolved "https://registry.yarnpkg.com/ecc-jsbn/-/ecc-jsbn-0.1.2.tgz#3a83a904e54353287874c564b7549386849a98c9"
  integrity sha1-OoOpBOVDUyh4dMVkt1SThoSamMk=
  dependencies:
    jsbn "~0.1.0"
    safer-buffer "^2.1.0"

emitter-mixin@0.0.3:
  version "0.0.3"
  resolved "https://registry.yarnpkg.com/emitter-mixin/-/emitter-mixin-0.0.3.tgz#5948cb286f2e48edc3b251a7cfc1f7883396d65c"
  integrity sha1-WUjLKG8uSO3DslGnz8H3iDOW1lw=

errno@^0.1.1, errno@^0.1.2:
  version "0.1.7"
  resolved "https://registry.yarnpkg.com/errno/-/errno-0.1.7.tgz#4684d71779ad39af177e3f007996f7c67c852618"
  integrity sha512-MfrRBDWzIWifgq6tJj60gkAwtLNb6sQPlcFrSOflcP1aFmmruKQ2wRnze/8V6kgyz7H3FF8Npzv78mZ7XLLflg==
  dependencies:
    prr "~1.0.1"

es6-promise-polyfill@^1.2.0:
  version "1.2.0"
  resolved "https://registry.yarnpkg.com/es6-promise-polyfill/-/es6-promise-polyfill-1.2.0.tgz#f38925f23cb3e3e8ce6cda8ff774fcebbb090cde"
  integrity sha1-84kl8jyz4+jObNqP93T867sJDN4=

escape-string-regexp@^1.0.5:
  version "1.0.5"
  resolved "https://registry.yarnpkg.com/escape-string-regexp/-/escape-string-regexp-1.0.5.tgz#1b61c0562190a8dff6ae3bb2cf0200ca130b86d4"
  integrity sha1-G2HAViGQqN/2rjuyzwIAyhMLhtQ=

eventemitter3@^3.1.0:
  version "3.1.2"
  resolved "https://registry.yarnpkg.com/eventemitter3/-/eventemitter3-3.1.2.tgz#2d3d48f9c346698fce83a85d7d664e98535df6e7"
  integrity sha512-tvtQIeLVHjDkJYnzf2dgVMxfuSGJeM/7UCG17TT4EumTfNtF+0nebF/4zWOIkCreAbtNqhGEboB6BWrwqNaw4Q==

extend@~3.0.2:
  version "3.0.2"
  resolved "https://registry.yarnpkg.com/extend/-/extend-3.0.2.tgz#f8b1136b4071fbd8eb140aff858b1019ec2915fa"
  integrity sha512-fjquC59cD7CyW6urNXK0FBufkZcoiGG80wTuPujX590cB5Ttln20E2UB4S/WARVqhXffZl2LNgS+gQdPIIim/g==

extsprintf@1.3.0:
  version "1.3.0"
  resolved "https://registry.yarnpkg.com/extsprintf/-/extsprintf-1.3.0.tgz#96918440e3041a7a414f8c52e3c574eb3c3e1e05"
  integrity sha1-lpGEQOMEGnpBT4xS48V06zw+HgU=

extsprintf@^1.2.0:
  version "1.4.0"
  resolved "https://registry.yarnpkg.com/extsprintf/-/extsprintf-1.4.0.tgz#e2689f8f356fad62cca65a3a91c5df5f9551692f"
  integrity sha1-4mifjzVvrWLMplo6kcXfX5VRaS8=

fast-deep-equal@^2.0.1:
  version "2.0.1"
  resolved "https://registry.yarnpkg.com/fast-deep-equal/-/fast-deep-equal-2.0.1.tgz#7b05218ddf9667bf7f370bf7fdb2cb15fdd0aa49"
  integrity sha1-ewUhjd+WZ79/Nwv3/bLLFf3Qqkk=

fast-json-stable-stringify@^2.0.0:
  version "2.0.0"
  resolved "https://registry.yarnpkg.com/fast-json-stable-stringify/-/fast-json-stable-stringify-2.0.0.tgz#d5142c0caee6b1189f87d3a76111064f86c8bbf2"
  integrity sha1-1RQsDK7msRifh9OnYREGT4bIu/I=

forever-agent@~0.6.1:
  version "0.6.1"
  resolved "https://registry.yarnpkg.com/forever-agent/-/forever-agent-0.6.1.tgz#fbc71f0c41adeb37f96c577ad1ed42d8fdacca91"
  integrity sha1-+8cfDEGt6zf5bFd60e1C2P2sypE=

form-data@~2.3.2:
  version "2.3.3"
  resolved "https://registry.yarnpkg.com/form-data/-/form-data-2.3.3.tgz#dcce52c05f644f298c6a7ab936bd724ceffbf3a6"
  integrity sha512-1lLKB2Mu3aGP1Q/2eCOx0fNbRMe7XdwktwOruhfqqd0rIJWwN4Dh+E3hrPSlDCXnSR7UtZ1N38rVXm+6+MEhJQ==
  dependencies:
    asynckit "^0.4.0"
    combined-stream "^1.0.6"
    mime-types "^2.1.12"

fs.realpath@^1.0.0:
  version "1.0.0"
  resolved "https://registry.yarnpkg.com/fs.realpath/-/fs.realpath-1.0.0.tgz#1504ad2523158caa40db4a2787cb01411994ea4f"
  integrity sha1-FQStJSMVjKpA20onh8sBQRmU6k8=

getpass@^0.1.1:
  version "0.1.7"
  resolved "https://registry.yarnpkg.com/getpass/-/getpass-0.1.7.tgz#5eff8e3e684d569ae4cb2b1282604e8ba62149fa"
  integrity sha1-Xv+OPmhNVprkyysSgmBOi6YhSfo=
  dependencies:
    assert-plus "^1.0.0"

glob@^7.0.3, glob@^7.1.3:
  version "7.1.6"
  resolved "https://registry.yarnpkg.com/glob/-/glob-7.1.6.tgz#141f33b81a7c2492e125594307480c46679278a6"
  integrity sha512-LwaxwyZ72Lk7vZINtNNrywX0ZuLyStrdDtabefZKAY5ZGJhVtgdznluResxNmPitE0SAO+O26sWTHeKSI2wMBA==
  dependencies:
    fs.realpath "^1.0.0"
    inflight "^1.0.4"
    inherits "2"
    minimatch "^3.0.4"
    once "^1.3.0"
    path-is-absolute "^1.0.0"

globby@^5.0.0:
  version "5.0.0"
  resolved "https://registry.yarnpkg.com/globby/-/globby-5.0.0.tgz#ebd84667ca0dbb330b99bcfc68eac2bc54370e0d"
  integrity sha1-69hGZ8oNuzMLmbz8aOrCvFQ3Dg0=
  dependencies:
    array-union "^1.0.1"
    arrify "^1.0.0"
    glob "^7.0.3"
    object-assign "^4.0.1"
    pify "^2.0.0"
    pinkie-promise "^2.0.0"

graceful-fs@^4.1.2, graceful-fs@^4.1.4:
  version "4.2.3"
  resolved "https://registry.yarnpkg.com/graceful-fs/-/graceful-fs-4.2.3.tgz#4a12ff1b60376ef09862c2093edd908328be8423"
  integrity sha512-a30VEBm4PEdx1dRB7MFK7BejejvCvBronbLjht+sHuGYj8PHs7M/5Z+rt5lw551vZ7yfTCj4Vuyy3mSJytDWRQ==

har-schema@^2.0.0:
  version "2.0.0"
  resolved "https://registry.yarnpkg.com/har-schema/-/har-schema-2.0.0.tgz#a94c2224ebcac04782a0d9035521f24735b7ec92"
  integrity sha1-qUwiJOvKwEeCoNkDVSHyRzW37JI=

har-validator@~5.1.0:
  version "5.1.3"
  resolved "https://registry.yarnpkg.com/har-validator/-/har-validator-5.1.3.tgz#1ef89ebd3e4996557675eed9893110dc350fa080"
  integrity sha512-sNvOCzEQNr/qrvJgc3UG/kD4QtlHycrzwS+6mfTrrSq97BvaYcPZZI1ZSqGSPR73Cxn4LKTD4PttRwfU7jWq5g==
  dependencies:
    ajv "^6.5.5"
    har-schema "^2.0.0"

has-flag@^3.0.0:
  version "3.0.0"
  resolved "https://registry.yarnpkg.com/has-flag/-/has-flag-3.0.0.tgz#b5d454dc2199ae225699f3467e5a07f3b955bafd"
  integrity sha1-tdRU3CGZriJWmfNGfloH87lVuv0=

hash-sum@^1.0.2:
  version "1.0.2"
  resolved "https://registry.yarnpkg.com/hash-sum/-/hash-sum-1.0.2.tgz#33b40777754c6432573c120cc3808bbd10d47f04"
  integrity sha1-M7QHd3VMZDJXPBIMw4CLvRDUfwQ=

he@^1.1.0:
  version "1.2.0"
  resolved "https://registry.yarnpkg.com/he/-/he-1.2.0.tgz#84ae65fa7eafb165fddb61566ae14baf05664f0f"
  integrity sha512-F/1DnUGPopORZi0ni+CvrCgHQ5FyEAHRLSApuYWMmrbSwoN2Mn/7k+Gl38gJnR7yyDZk6WLXwiGod1JOWNDKGw==

http-signature@~1.2.0:
  version "1.2.0"
  resolved "https://registry.yarnpkg.com/http-signature/-/http-signature-1.2.0.tgz#9aecd925114772f3d95b65a60abb8f7c18fbace1"
  integrity sha1-muzZJRFHcvPZW2WmCruPfBj7rOE=
  dependencies:
    assert-plus "^1.0.0"
    jsprim "^1.2.2"
    sshpk "^1.7.0"

image-size@~0.5.0:
  version "0.5.5"
  resolved "https://registry.yarnpkg.com/image-size/-/image-size-0.5.5.tgz#09dfd4ab9d20e29eb1c3e80b8990378df9e3cb9c"
  integrity sha1-Cd/Uq50g4p6xw+gLiZA3jfnjy5w=

indexes-of@^1.0.1:
  version "1.0.1"
  resolved "https://registry.yarnpkg.com/indexes-of/-/indexes-of-1.0.1.tgz#f30f716c8e2bd346c7b67d3df3915566a7c05607"
  integrity sha1-8w9xbI4r00bHtn0985FVZqfAVgc=

inflight@^1.0.4:
  version "1.0.6"
  resolved "https://registry.yarnpkg.com/inflight/-/inflight-1.0.6.tgz#49bd6331d7d02d0c09bc910a1075ba8165b56df9"
  integrity sha1-Sb1jMdfQLQwJvJEKEHW6gWW1bfk=
  dependencies:
    once "^1.3.0"
    wrappy "1"

inherits@2:
  version "2.0.4"
  resolved "https://registry.yarnpkg.com/inherits/-/inherits-2.0.4.tgz#0fa2c64f932917c3433a0ded55363aae37416b7c"
  integrity sha512-k/vGaX4/Yla3WzyMCvTQOXYeIHvqOKtnqBduzTHpzpQZzAskKMhZ2K+EnBiSM9zGSoIFeMpXKxa4dYeZIQqewQ==

is-path-cwd@^1.0.0:
  version "1.0.0"
  resolved "https://registry.yarnpkg.com/is-path-cwd/-/is-path-cwd-1.0.0.tgz#d225ec23132e89edd38fda767472e62e65f1106d"
  integrity sha1-0iXsIxMuie3Tj9p2dHLmLmXxEG0=

is-path-in-cwd@^1.0.0:
  version "1.0.1"
  resolved "https://registry.yarnpkg.com/is-path-in-cwd/-/is-path-in-cwd-1.0.1.tgz#5ac48b345ef675339bd6c7a48a912110b241cf52"
  integrity sha512-FjV1RTW48E7CWM7eE/J2NJvAEEVektecDBVBE5Hh3nM1Jd0kvhHtX68Pr3xsDf857xt3Y4AkwVULK1Vku62aaQ==
  dependencies:
    is-path-inside "^1.0.0"

is-path-inside@^1.0.0:
  version "1.0.1"
  resolved "https://registry.yarnpkg.com/is-path-inside/-/is-path-inside-1.0.1.tgz#8ef5b7de50437a3fdca6b4e865ef7aa55cb48036"
  integrity sha1-jvW33lBDej/cprToZe96pVy0gDY=
  dependencies:
    path-is-inside "^1.0.1"

is-typedarray@~1.0.0:
  version "1.0.0"
  resolved "https://registry.yarnpkg.com/is-typedarray/-/is-typedarray-1.0.0.tgz#e479c80858df0c1b11ddda6940f96011fcda4a9a"
  integrity sha1-5HnICFjfDBsR3dppQPlgEfzaSpo=

ismobilejs@^0.5.1:
  version "0.5.2"
  resolved "https://registry.yarnpkg.com/ismobilejs/-/ismobilejs-0.5.2.tgz#e81bacf6187c532ad8348355f4fecd6e6adfdce1"
  integrity sha512-ta9UdV60xVZk/ZafFtSFslQaE76SvNkcs1r73d2PVR21zVzx9xuYv9tNe4MxA1NN7WoeCc2RjGot3Bz1eHDx3Q==

isstream@~0.1.2:
  version "0.1.2"
  resolved "https://registry.yarnpkg.com/isstream/-/isstream-0.1.2.tgz#47e63f7af55afa6f92e1500e690eb8b8529c099a"
  integrity sha1-R+Y/evVa+m+S4VAOaQ64uFKcCZo=

jsbn@~0.1.0:
  version "0.1.1"
  resolved "https://registry.yarnpkg.com/jsbn/-/jsbn-0.1.1.tgz#a5e654c2e5a2deb5f201d96cefbca80c0ef2f513"
  integrity sha1-peZUwuWi3rXyAdls77yoDA7y9RM=

json-schema-traverse@^0.4.1:
  version "0.4.1"
  resolved "https://registry.yarnpkg.com/json-schema-traverse/-/json-schema-traverse-0.4.1.tgz#69f6a87d9513ab8bb8fe63bdb0979c448e684660"
  integrity sha512-xbbCH5dCYU5T8LcEhhuh7HJ88HXuW3qsI3Y0zOZFKfZEHcpWiHU/Jxzk629Brsab/mMiHQti9wMP+845RPe3Vg==

json-schema@0.2.3:
  version "0.2.3"
  resolved "https://registry.yarnpkg.com/json-schema/-/json-schema-0.2.3.tgz#b480c892e59a2f05954ce727bd3f2a4e882f9e13"
  integrity sha1-tIDIkuWaLwWVTOcnvT8qTogvnhM=

json-stringify-safe@~5.0.1:
  version "5.0.1"
  resolved "https://registry.yarnpkg.com/json-stringify-safe/-/json-stringify-safe-5.0.1.tgz#1296a2d58fd45f19a0f6ce01d65701e2c735b6eb"
  integrity sha1-Epai1Y/UXxmg9s4B1lcB4sc1tus=

jsprim@^1.2.2:
  version "1.4.1"
  resolved "https://registry.yarnpkg.com/jsprim/-/jsprim-1.4.1.tgz#313e66bc1e5cc06e438bc1b7499c2e5c56acb6a2"
  integrity sha1-MT5mvB5cwG5Di8G3SZwuXFastqI=
  dependencies:
    assert-plus "1.0.0"
    extsprintf "1.3.0"
    json-schema "0.2.3"
    verror "1.10.0"

junk@^1.0.1:
  version "1.0.3"
  resolved "https://registry.yarnpkg.com/junk/-/junk-1.0.3.tgz#87be63488649cbdca6f53ab39bec9ccd2347f592"
  integrity sha1-h75jSIZJy9ym9Tqzm+yczSNH9ZI=

less@^3.10.3:
  version "3.10.3"
  resolved "https://registry.yarnpkg.com/less/-/less-3.10.3.tgz#417a0975d5eeecc52cff4bcfa3c09d35781e6792"
  integrity sha512-vz32vqfgmoxF1h3K4J+yKCtajH0PWmjkIFgbs5d78E/c/e+UQTnI+lWK+1eQRE95PXM2mC3rJlLSSP9VQHnaow==
  dependencies:
    clone "^2.1.2"
  optionalDependencies:
    errno "^0.1.1"
    graceful-fs "^4.1.2"
    image-size "~0.5.0"
    mime "^1.4.1"
    mkdirp "^0.5.0"
    promise "^7.1.1"
    request "^2.83.0"
    source-map "~0.6.0"

lru-cache@^4.1.2:
  version "4.1.5"
  resolved "https://registry.yarnpkg.com/lru-cache/-/lru-cache-4.1.5.tgz#8bbe50ea85bed59bc9e33dcab8235ee9bcf443cd"
  integrity sha512-sWZlbEP2OsHNkXrMl5GYk/jKk70MBng6UU4YI/qGDYbgf6YbP4EvmqISbXCoJiRKs+1bSpFHVgQxvJ17F2li5g==
  dependencies:
    pseudomap "^1.0.2"
    yallist "^2.1.2"

maximatch@^0.1.0:
  version "0.1.0"
  resolved "https://registry.yarnpkg.com/maximatch/-/maximatch-0.1.0.tgz#86cd8d6b04c9f307c05a6b9419906d0360fb13a2"
  integrity sha1-hs2NawTJ8wfAWmuUGZBtA2D7E6I=
  dependencies:
    array-differ "^1.0.0"
    array-union "^1.0.1"
    arrify "^1.0.0"
    minimatch "^3.0.0"

merge-source-map@^1.1.0:
  version "1.1.0"
  resolved "https://registry.yarnpkg.com/merge-source-map/-/merge-source-map-1.1.0.tgz#2fdde7e6020939f70906a68f2d7ae685e4c8c646"
  integrity sha512-Qkcp7P2ygktpMPh2mCQZaf3jhN6D3Z/qVZHSdWvQ+2Ef5HgRAPBO57A77+ENm0CPx2+1Ce/MYKi3ymqdfuqibw==
  dependencies:
    source-map "^0.6.1"

mime-db@1.42.0:
  version "1.42.0"
  resolved "https://registry.yarnpkg.com/mime-db/-/mime-db-1.42.0.tgz#3e252907b4c7adb906597b4b65636272cf9e7bac"
  integrity sha512-UbfJCR4UAVRNgMpfImz05smAXK7+c+ZntjaA26ANtkXLlOe947Aag5zdIcKQULAiF9Cq4WxBi9jUs5zkA84bYQ==

mime-types@^2.1.12, mime-types@~2.1.19:
  version "2.1.25"
  resolved "https://registry.yarnpkg.com/mime-types/-/mime-types-2.1.25.tgz#39772d46621f93e2a80a856c53b86a62156a6437"
  integrity sha512-5KhStqB5xpTAeGqKBAMgwaYMnQik7teQN4IAzC7npDv6kzeU6prfkR67bc87J1kWMPGkoaZSq1npmexMgkmEVg==
  dependencies:
    mime-db "1.42.0"

mime@^1.4.1:
  version "1.6.0"
  resolved "https://registry.yarnpkg.com/mime/-/mime-1.6.0.tgz#32cd9e5c64553bd58d19a568af452acff04981b1"
  integrity sha512-x0Vn8spI+wuJ1O6S7gnbaQg8Pxh4NNHb7KSINmEWKiPE4RKOplvijn+NkmYmmRgP68mc70j2EbeTFRsrswaQeg==

mini-signals@^1.2.0:
  version "1.2.0"
  resolved "https://registry.yarnpkg.com/mini-signals/-/mini-signals-1.2.0.tgz#45b08013c5fae51a24aa1a935cd317c9ed721d74"
  integrity sha1-RbCAE8X65RokqhqTXNMXye1yHXQ=

minimatch@^3.0.0, minimatch@^3.0.4:
  version "3.0.4"
  resolved "https://registry.yarnpkg.com/minimatch/-/minimatch-3.0.4.tgz#5166e286457f03306064be5497e8dbb0c3d32083"
  integrity sha512-yJHVQEhyqPLUTgt9B83PXu6W3rx4MvvHvSUvToogpwoGDOUQ+yDrR0HRot+yOCdCO7u4hX3pWft6kWBBcqh0UA==
  dependencies:
    brace-expansion "^1.1.7"

minimist@0.0.8:
  version "0.0.8"
  resolved "https://registry.yarnpkg.com/minimist/-/minimist-0.0.8.tgz#857fcabfc3397d2625b8228262e86aa7a011b05d"
  integrity sha1-hX/Kv8M5fSYluCKCYuhqp6ARsF0=

mkdirp@^0.5.0, mkdirp@^0.5.1:
  version "0.5.1"
  resolved "https://registry.yarnpkg.com/mkdirp/-/mkdirp-0.5.1.tgz#30057438eac6cf7f8c4767f38648d6697d75c903"
  integrity sha1-MAV0OOrGz3+MR2fzhkjWaX11yQM=
  dependencies:
    minimist "0.0.8"

oauth-sign@~0.9.0:
  version "0.9.0"
  resolved "https://registry.yarnpkg.com/oauth-sign/-/oauth-sign-0.9.0.tgz#47a7b016baa68b5fa0ecf3dee08a85c679ac6455"
  integrity sha512-fexhUFFPTGV8ybAtSIGbV6gOkSv8UtRbDBnAyLQw4QPKkgNlsH2ByPGtMUqdWkos6YCRmAqViwgZrJc/mRDzZQ==

object-assign@^4.0.1, object-assign@^4.1.1:
  version "4.1.1"
  resolved "https://registry.yarnpkg.com/object-assign/-/object-assign-4.1.1.tgz#2109adc7965887cfc05cbbd442cac8bfbb360863"
  integrity sha1-IQmtx5ZYh8/AXLvUQsrIv7s2CGM=

once@^1.3.0:
  version "1.4.0"
  resolved "https://registry.yarnpkg.com/once/-/once-1.4.0.tgz#583b1aa775961d4b113ac17d9c50baef9dd76bd1"
  integrity sha1-WDsap3WWHUsROsF9nFC6753Xa9E=
  dependencies:
    wrappy "1"

parcel-plugin-asset-copier@^1.0.0:
  version "1.0.0"
  resolved "https://registry.yarnpkg.com/parcel-plugin-asset-copier/-/parcel-plugin-asset-copier-1.0.0.tgz#a7e898e08b17dd5d28caf424eee236d1bdc1d191"
  integrity sha512-PQ/Hyc99EvksHi5ypiDkeFF4WLRXdSqTUWHMIf0MBke0Rf4zCih6l6QJgvJM+u9g1OYEgilCBE/0hI6+U1ZQWg==
  dependencies:
    recursive-copy "^2.0.9"

parse-uri@^1.0.0:
  version "1.0.0"
  resolved "https://registry.yarnpkg.com/parse-uri/-/parse-uri-1.0.0.tgz#2872dcc22f1a797acde1583d8a0ac29552ddac20"
  integrity sha1-KHLcwi8aeXrN4Vg9igrClVLdrCA=

path-is-absolute@^1.0.0:
  version "1.0.1"
  resolved "https://registry.yarnpkg.com/path-is-absolute/-/path-is-absolute-1.0.1.tgz#174b9268735534ffbc7ace6bf53a5a9e1b5c5f5f"
  integrity sha1-F0uSaHNVNP+8es5r9TpanhtcX18=

path-is-inside@^1.0.1:
  version "1.0.2"
  resolved "https://registry.yarnpkg.com/path-is-inside/-/path-is-inside-1.0.2.tgz#365417dede44430d1c11af61027facf074bdfc53"
  integrity sha1-NlQX3t5EQw0cEa9hAn+s8HS9/FM=

performance-now@^2.1.0:
  version "2.1.0"
  resolved "https://registry.yarnpkg.com/performance-now/-/performance-now-2.1.0.tgz#6309f4e0e5fa913ec1c69307ae364b4b377c9e7b"
  integrity sha1-Ywn04OX6kT7BxpMHrjZLSzd8nns=

pify@^2.0.0, pify@^2.3.0:
  version "2.3.0"
  resolved "https://registry.yarnpkg.com/pify/-/pify-2.3.0.tgz#ed141a6ac043a849ea588498e7dca8b15330e90c"
  integrity sha1-7RQaasBDqEnqWISY59yosVMw6Qw=

pinkie-promise@^2.0.0:
  version "2.0.1"
  resolved "https://registry.yarnpkg.com/pinkie-promise/-/pinkie-promise-2.0.1.tgz#2135d6dfa7a358c069ac9b178776288228450ffa"
  integrity sha1-ITXW36ejWMBprJsXh3YogihFD/o=
  dependencies:
    pinkie "^2.0.0"

pinkie@^2.0.0:
  version "2.0.4"
  resolved "https://registry.yarnpkg.com/pinkie/-/pinkie-2.0.4.tgz#72556b80cfa0d48a974e80e77248e80ed4f7f870"
  integrity sha1-clVrgM+g1IqXToDnckjoDtT3+HA=

pixi.js@^5.2.0:
  version "5.2.0"
  resolved "https://registry.yarnpkg.com/pixi.js/-/pixi.js-5.2.0.tgz#097eb90825cd28e40230c779998876d575d02b69"
  integrity sha512-q4gxbTU51nrh8qxbplU6EVx2dnb9SiI9OeQOrQmtmCTpysJXAK5p9M2c3v5JRIgK8ZCL74y5vrwHaaB1ZQoPKw==
  dependencies:
    "@pixi/accessibility" "^5.2.0"
    "@pixi/app" "^5.2.0"
    "@pixi/constants" "^5.2.0"
    "@pixi/core" "^5.2.0"
    "@pixi/display" "^5.2.0"
    "@pixi/extract" "^5.2.0"
    "@pixi/filter-alpha" "^5.2.0"
    "@pixi/filter-blur" "^5.2.0"
    "@pixi/filter-color-matrix" "^5.2.0"
    "@pixi/filter-displacement" "^5.2.0"
    "@pixi/filter-fxaa" "^5.2.0"
    "@pixi/filter-noise" "^5.2.0"
    "@pixi/graphics" "^5.2.0"
    "@pixi/interaction" "^5.2.0"
    "@pixi/loaders" "^5.2.0"
    "@pixi/math" "^5.2.0"
    "@pixi/mesh" "^5.2.0"
    "@pixi/mesh-extras" "^5.2.0"
    "@pixi/mixin-cache-as-bitmap" "^5.2.0"
    "@pixi/mixin-get-child-by-name" "^5.2.0"
    "@pixi/mixin-get-global-position" "^5.2.0"
    "@pixi/particles" "^5.2.0"
    "@pixi/polyfill" "^5.2.0"
    "@pixi/prepare" "^5.2.0"
    "@pixi/runner" "^5.2.0"
    "@pixi/settings" "^5.2.0"
    "@pixi/sprite" "^5.2.0"
    "@pixi/sprite-animated" "^5.2.0"
    "@pixi/sprite-tiling" "^5.2.0"
    "@pixi/spritesheet" "^5.2.0"
    "@pixi/text" "^5.2.0"
    "@pixi/text-bitmap" "^5.2.0"
    "@pixi/ticker" "^5.2.0"
    "@pixi/utils" "^5.2.0"

postcss-selector-parser@^5.0.0:
  version "5.0.0"
  resolved "https://registry.yarnpkg.com/postcss-selector-parser/-/postcss-selector-parser-5.0.0.tgz#249044356697b33b64f1a8f7c80922dddee7195c"
  integrity sha512-w+zLE5Jhg6Liz8+rQOWEAwtwkyqpfnmsinXjXg6cY7YIONZZtgvE0v2O0uhQBs0peNomOJwWRKt6JBfTdTd3OQ==
  dependencies:
    cssesc "^2.0.0"
    indexes-of "^1.0.1"
    uniq "^1.0.1"

postcss@^7.0.14:
  version "7.0.36"
  resolved "https://registry.yarnpkg.com/postcss/-/postcss-7.0.36.tgz#056f8cffa939662a8f5905950c07d5285644dfcb"
  integrity sha512-BebJSIUMwJHRH0HAQoxN4u1CN86glsrwsW0q7T+/m44eXOUAxSNdHRkNZPYz5vVUbg17hFgOQDE7fZk7li3pZw==
  dependencies:
    chalk "^2.4.2"
    source-map "^0.6.1"
    supports-color "^6.1.0"

prettier@^1.18.2:
  version "1.19.1"
  resolved "https://registry.yarnpkg.com/prettier/-/prettier-1.19.1.tgz#f7d7f5ff8a9cd872a7be4ca142095956a60797cb"
  integrity sha512-s7PoyDv/II1ObgQunCbB9PdLmUcBZcnWOcxDh7O0N/UwDEsHyqkW+Qh28jW+mVuCdx7gLB0BotYI1Y6uI9iyew==

promise@^7.0.1, promise@^7.1.1:
  version "7.3.1"
  resolved "https://registry.yarnpkg.com/promise/-/promise-7.3.1.tgz#064b72602b18f90f29192b8b1bc418ffd1ebd3bf"
  integrity sha512-nolQXZ/4L+bP/UGlkfaIujX9BKxGwmQ9OT4mOt5yvy8iK1h3wqTEJCijzGANTCCl9nWjY41juyAn2K3Q1hLLTg==
  dependencies:
    asap "~2.0.3"

prr@~1.0.1:
  version "1.0.1"
  resolved "https://registry.yarnpkg.com/prr/-/prr-1.0.1.tgz#d3fc114ba06995a45ec6893f484ceb1d78f5f476"
  integrity sha1-0/wRS6BplaRexok/SEzrHXj19HY=

pseudomap@^1.0.2:
  version "1.0.2"
  resolved "https://registry.yarnpkg.com/pseudomap/-/pseudomap-1.0.2.tgz#f052a28da70e618917ef0a8ac34c1ae5a68286b3"
  integrity sha1-8FKijacOYYkX7wqKw0wa5aaChrM=

psl@^1.1.24:
  version "1.6.0"
  resolved "https://registry.yarnpkg.com/psl/-/psl-1.6.0.tgz#60557582ee23b6c43719d9890fb4170ecd91e110"
  integrity sha512-SYKKmVel98NCOYXpkwUqZqh0ahZeeKfmisiLIcEZdsb+WbLv02g/dI5BUmZnIyOe7RzZtLax81nnb2HbvC2tzA==

punycode@1.3.2:
  version "1.3.2"
  resolved "https://registry.yarnpkg.com/punycode/-/punycode-1.3.2.tgz#9653a036fb7c1ee42342f2325cceefea3926c48d"
  integrity sha1-llOgNvt8HuQjQvIyXM7v6jkmxI0=

punycode@^1.4.1:
  version "1.4.1"
  resolved "https://registry.yarnpkg.com/punycode/-/punycode-1.4.1.tgz#c0d5a63b2718800ad8e1eb0fa5269c84dd41845e"
  integrity sha1-wNWmOycYgArY4esPpSachN1BhF4=

punycode@^2.1.0:
  version "2.1.1"
  resolved "https://registry.yarnpkg.com/punycode/-/punycode-2.1.1.tgz#b58b010ac40c22c5657616c8d2c2c02c7bf479ec"
  integrity sha512-XRsRjdf+j5ml+y/6GKHPZbrF/8p2Yga0JPtdqTIY2Xe5ohJPD9saDJJLPvp9+NSBprVvevdXZybnj2cv8OEd0A==

qs@~6.5.2:
  version "6.5.2"
  resolved "https://registry.yarnpkg.com/qs/-/qs-6.5.2.tgz#cb3ae806e8740444584ef154ce8ee98d403f3e36"
  integrity sha512-N5ZAX4/LxJmF+7wN74pUD6qAh9/wnvdQcjq9TZjevvXzSUo7bfmw91saqMjzGS2xq91/odN2dW/WOl7qQHNDGA==

querystring@0.2.0:
  version "0.2.0"
  resolved "https://registry.yarnpkg.com/querystring/-/querystring-0.2.0.tgz#b209849203bb25df820da756e747005878521620"
  integrity sha1-sgmEkgO7Jd+CDadW50cAWHhSFiA=

recursive-copy@^2.0.9:
  version "2.0.10"
  resolved "https://registry.yarnpkg.com/recursive-copy/-/recursive-copy-2.0.10.tgz#a39402f2270c5f8b562b48d438a42e2e6e5c644c"
  integrity sha512-S9J9XJUnfZ2NUS3lK6lx6HWLl2nWui+f7AKuu+qoFs4ikEPYgZ3qKk1T6tmBnr7PzhtKnawE+6TREy9XQKmxCA==
  dependencies:
    del "^2.2.0"
    emitter-mixin "0.0.3"
    errno "^0.1.2"
    graceful-fs "^4.1.4"
    junk "^1.0.1"
    maximatch "^0.1.0"
    mkdirp "^0.5.1"
    pify "^2.3.0"
    promise "^7.0.1"
    slash "^1.0.0"

request@^2.83.0:
  version "2.88.0"
  resolved "https://registry.yarnpkg.com/request/-/request-2.88.0.tgz#9c2fca4f7d35b592efe57c7f0a55e81052124fef"
  integrity sha512-NAqBSrijGLZdM0WZNsInLJpkJokL72XYjUpnB0iwsRgxh7dB6COrHnTBNwN0E+lHDAJzu7kLAkDeY08z2/A0hg==
  dependencies:
    aws-sign2 "~0.7.0"
    aws4 "^1.8.0"
    caseless "~0.12.0"
    combined-stream "~1.0.6"
    extend "~3.0.2"
    forever-agent "~0.6.1"
    form-data "~2.3.2"
    har-validator "~5.1.0"
    http-signature "~1.2.0"
    is-typedarray "~1.0.0"
    isstream "~0.1.2"
    json-stringify-safe "~5.0.1"
    mime-types "~2.1.19"
    oauth-sign "~0.9.0"
    performance-now "^2.1.0"
    qs "~6.5.2"
    safe-buffer "^5.1.2"
    tough-cookie "~2.4.3"
    tunnel-agent "^0.6.0"
    uuid "^3.3.2"

resource-loader@^3.0.1:
  version "3.0.1"
  resolved "https://registry.yarnpkg.com/resource-loader/-/resource-loader-3.0.1.tgz#33355bb5421e2994f59454bbc7f6dbff8df06d47"
  integrity sha512-fBuCRbEHdLCI1eglzQhUv9Rrdcmqkydr1r6uHE2cYHvRBrcLXeSmbE/qI/urFt8rPr/IGxir3BUwM5kUK8XoyA==
  dependencies:
    mini-signals "^1.2.0"
    parse-uri "^1.0.0"

rimraf@^2.2.8:
  version "2.7.1"
  resolved "https://registry.yarnpkg.com/rimraf/-/rimraf-2.7.1.tgz#35797f13a7fdadc566142c29d4f07ccad483e3ec"
  integrity sha512-uWjbaKIK3T1OSVptzX7Nl6PvQ3qAGtKEtVRjRuazjfL3Bx5eI409VZSqgND+4UNnmzLVdPj9FqFJNPqBZFve4w==
  dependencies:
    glob "^7.1.3"

safe-buffer@^5.0.1, safe-buffer@^5.1.2:
  version "5.2.0"
  resolved "https://registry.yarnpkg.com/safe-buffer/-/safe-buffer-5.2.0.tgz#b74daec49b1148f88c64b68d49b1e815c1f2f519"
  integrity sha512-fZEwUGbVl7kouZs1jCdMLdt95hdIv0ZeHg6L7qPeciMZhZ+/gdesW4wgTARkrFWEpspjEATAzUGPG8N2jJiwbg==

safer-buffer@^2.0.2, safer-buffer@^2.1.0, safer-buffer@~2.1.0:
  version "2.1.2"
  resolved "https://registry.yarnpkg.com/safer-buffer/-/safer-buffer-2.1.2.tgz#44fa161b0187b9549dd84bb91802f9bd8385cd6a"
  integrity sha512-YZo3K82SD7Riyi0E1EQPojLz7kpepnSQI9IyPbHHg1XXXevb5dJI7tpyN2ADxGcQbHG7vcyRHk0cbwqcQriUtg==

slash@^1.0.0:
  version "1.0.0"
  resolved "https://registry.yarnpkg.com/slash/-/slash-1.0.0.tgz#c41f2f6c39fc16d1cd17ad4b5d896114ae470d55"
  integrity sha1-xB8vbDn8FtHNF61LXYlhFK5HDVU=

source-map@^0.6.1, source-map@~0.6.0, source-map@~0.6.1:
  version "0.6.1"
  resolved "https://registry.yarnpkg.com/source-map/-/source-map-0.6.1.tgz#74722af32e9614e9c287a8d0bbde48b5e2f1a263"
  integrity sha512-UjgapumWlbMhkBgzT7Ykc5YXUT46F0iKu8SGXq0bcwP5dz/h0Plj6enJqjz1Zbq2l5WaqYnrVbwWOWMyF3F47g==

sshpk@^1.7.0:
  version "1.16.1"
  resolved "https://registry.yarnpkg.com/sshpk/-/sshpk-1.16.1.tgz#fb661c0bef29b39db40769ee39fa70093d6f6877"
  integrity sha512-HXXqVUq7+pcKeLqqZj6mHFUMvXtOJt1uoUx09pFW6011inTMxqI8BA8PM95myrIyyKwdnzjdFjLiE6KBPVtJIg==
  dependencies:
    asn1 "~0.2.3"
    assert-plus "^1.0.0"
    bcrypt-pbkdf "^1.0.0"
    dashdash "^1.12.0"
    ecc-jsbn "~0.1.1"
    getpass "^0.1.1"
    jsbn "~0.1.0"
    safer-buffer "^2.0.2"
    tweetnacl "~0.14.0"

supports-color@^5.3.0:
  version "5.5.0"
  resolved "https://registry.yarnpkg.com/supports-color/-/supports-color-5.5.0.tgz#e2e69a44ac8772f78a1ec0b35b689df6530efc8f"
  integrity sha512-QjVjwdXIt408MIiAqCX4oUKsgU2EqAGzs2Ppkm4aQYbjm+ZEWEcW4SfFNTr4uMNZma0ey4f5lgLrkB0aX0QMow==
  dependencies:
    has-flag "^3.0.0"

supports-color@^6.1.0:
  version "6.1.0"
  resolved "https://registry.yarnpkg.com/supports-color/-/supports-color-6.1.0.tgz#0764abc69c63d5ac842dd4867e8d025e880df8f3"
  integrity sha512-qe1jfm1Mg7Nq/NSh6XE24gPXROEVsWHxC1LIx//XNlD9iw7YZQGjZNjYN7xGaEG6iKdA8EtNFW6R0gjnVXp+wQ==
  dependencies:
    has-flag "^3.0.0"

tough-cookie@~2.4.3:
  version "2.4.3"
  resolved "https://registry.yarnpkg.com/tough-cookie/-/tough-cookie-2.4.3.tgz#53f36da3f47783b0925afa06ff9f3b165280f781"
  integrity sha512-Q5srk/4vDM54WJsJio3XNn6K2sCG+CQ8G5Wz6bZhRZoAe/+TxjWB/GlFAnYEbkYVlON9FMk/fE3h2RLpPXo4lQ==
  dependencies:
    psl "^1.1.24"
    punycode "^1.4.1"

tunnel-agent@^0.6.0:
  version "0.6.0"
  resolved "https://registry.yarnpkg.com/tunnel-agent/-/tunnel-agent-0.6.0.tgz#27a5dea06b36b04a0a9966774b290868f0fc40fd"
  integrity sha1-J6XeoGs2sEoKmWZ3SykIaPD8QP0=
  dependencies:
    safe-buffer "^5.0.1"

tweetnacl@^0.14.3, tweetnacl@~0.14.0:
  version "0.14.5"
  resolved "https://registry.yarnpkg.com/tweetnacl/-/tweetnacl-0.14.5.tgz#5ae68177f192d4456269d108afa93ff8743f4f64"
  integrity sha1-WuaBd/GS1EViadEIr6k/+HQ/T2Q=

typescript@^3.7.3:
  version "3.7.3"
  resolved "https://registry.yarnpkg.com/typescript/-/typescript-3.7.3.tgz#b36840668a16458a7025b9eabfad11b66ab85c69"
  integrity sha512-Mcr/Qk7hXqFBXMN7p7Lusj1ktCBydylfQM/FZCk5glCNQJrCUKPkMHdo9R0MTFWsC/4kPFvDS0fDPvukfCkFsw==

uniq@^1.0.1:
  version "1.0.1"
  resolved "https://registry.yarnpkg.com/uniq/-/uniq-1.0.1.tgz#b31c5ae8254844a3a8281541ce2b04b865a734ff"
  integrity sha1-sxxa6CVIRKOoKBVBzisEuGWnNP8=

uri-js@^4.2.2:
  version "4.2.2"
  resolved "https://registry.yarnpkg.com/uri-js/-/uri-js-4.2.2.tgz#94c540e1ff772956e2299507c010aea6c8838eb0"
  integrity sha512-KY9Frmirql91X2Qgjry0Wd4Y+YTdrdZheS8TFwvkbLWf/G5KNJDCh6pKL5OZctEW4+0Baa5idK2ZQuELRwPznQ==
  dependencies:
    punycode "^2.1.0"

url@^0.11.0:
  version "0.11.0"
  resolved "https://registry.yarnpkg.com/url/-/url-0.11.0.tgz#3838e97cfc60521eb73c525a8e55bfdd9e2e28f1"
  integrity sha1-ODjpfPxgUh63PFJajlW/3Z4uKPE=
  dependencies:
    punycode "1.3.2"
    querystring "0.2.0"

uuid@^3.3.2:
  version "3.3.3"
  resolved "https://registry.yarnpkg.com/uuid/-/uuid-3.3.3.tgz#4568f0216e78760ee1dbf3a4d2cf53e224112866"
  integrity sha512-pW0No1RGHgzlpHJO1nsVrHKpOEIxkGg1xB+v0ZmdNH5OAeAwzAVrCnI2/6Mtx+Uys6iaylxa+D3g4j63IKKjSQ==

verror@1.10.0:
  version "1.10.0"
  resolved "https://registry.yarnpkg.com/verror/-/verror-1.10.0.tgz#3a105ca17053af55d6e270c1f8288682e18da400"
  integrity sha1-OhBcoXBTr1XW4nDB+CiGguGNpAA=
  dependencies:
    assert-plus "^1.0.0"
    core-util-is "1.0.2"
    extsprintf "^1.2.0"

vue-hot-reload-api@^2.3.4:
  version "2.3.4"
  resolved "https://registry.yarnpkg.com/vue-hot-reload-api/-/vue-hot-reload-api-2.3.4.tgz#532955cc1eb208a3d990b3a9f9a70574657e08f2"
  integrity sha512-BXq3jwIagosjgNVae6tkHzzIk6a8MHFtzAdwhnV5VlvPTFxDCvIttgSiHWjdGoTJvXtmRu5HacExfdarRcFhog==

vue-template-compiler@^2.6.10:
  version "2.6.10"
  resolved "https://registry.yarnpkg.com/vue-template-compiler/-/vue-template-compiler-2.6.10.tgz#323b4f3495f04faa3503337a82f5d6507799c9cc"
  integrity sha512-jVZkw4/I/HT5ZMvRnhv78okGusqe0+qH2A0Em0Cp8aq78+NK9TII263CDVz2QXZsIT+yyV/gZc/j/vlwa+Epyg==
  dependencies:
    de-indent "^1.0.2"
    he "^1.1.0"

vue-template-es2015-compiler@^1.9.0:
  version "1.9.1"
  resolved "https://registry.yarnpkg.com/vue-template-es2015-compiler/-/vue-template-es2015-compiler-1.9.1.tgz#1ee3bc9a16ecbf5118be334bb15f9c46f82f5825"
  integrity sha512-4gDntzrifFnCEvyoO8PqyJDmguXgVPxKiIxrBKjIowvL9l+N66196+72XVYR8BBf1Uv1Fgt3bGevJ+sEmxfZzw==

vue@^2.6.10:
  version "2.6.10"
  resolved "https://registry.yarnpkg.com/vue/-/vue-2.6.10.tgz#a72b1a42a4d82a721ea438d1b6bf55e66195c637"
  integrity sha512-ImThpeNU9HbdZL3utgMCq0oiMzAkt1mcgy3/E6zWC/G6AaQoeuFdsl9nDhTDU3X1R6FK7nsIUuRACVcjI+A2GQ==

wrappy@1:
  version "1.0.2"
  resolved "https://registry.yarnpkg.com/wrappy/-/wrappy-1.0.2.tgz#b5243d8f3ec1aa35f1364605bc0d1036e30ab69f"
  integrity sha1-tSQ9jz7BqjXxNkYFvA0QNuMKtp8=

yallist@^2.1.2:
  version "2.1.2"
  resolved "https://registry.yarnpkg.com/yallist/-/yallist-2.1.2.tgz#1c11f9218f076089a47dd512f93c6699a6a81d52"
  integrity sha1-HBH5IY8HYImkfdUS+TxmmaaoHVI=
